// !$*UTF8*$!
{
	archiveVersion = 1;
	classes = {
	};
	objectVersion = 51;
	objects = {

/* Begin PBXBuildFile section */
		8A75FB3025D20341007582B3 /* AppDelegate.swift in Sources */ = {isa = PBXBuildFile; fileRef = 8A75FB2F25D20341007582B3 /* AppDelegate.swift */; };
		8A75FB3225D20341007582B3 /* SceneDelegate.swift in Sources */ = {isa = PBXBuildFile; fileRef = 8A75FB3125D20341007582B3 /* SceneDelegate.swift */; };
		8A75FB3425D20341007582B3 /* ProductViewController.swift in Sources */ = {isa = PBXBuildFile; fileRef = 8A75FB3325D20341007582B3 /* ProductViewController.swift */; };
		8A75FB3925D20343007582B3 /* Assets.xcassets in Resources */ = {isa = PBXBuildFile; fileRef = 8A75FB3825D20343007582B3 /* Assets.xcassets */; };
		8A75FB3C25D20343007582B3 /* LaunchScreen.storyboard in Resources */ = {isa = PBXBuildFile; fileRef = 8A75FB3A25D20343007582B3 /* LaunchScreen.storyboard */; };
		8A75FB5225D20343007582B3 /* GherkinTestsUITests.swift in Sources */ = {isa = PBXBuildFile; fileRef = 8A75FB5125D20343007582B3 /* GherkinTestsUITests.swift */; };
		8A75FC8425E64D07007582B3 /* ProductView.swift in Sources */ = {isa = PBXBuildFile; fileRef = 8A75FC8325E64D07007582B3 /* ProductView.swift */; };
		8A75FC9325E65AE9007582B3 /* User.swift in Sources */ = {isa = PBXBuildFile; fileRef = 8A75FC9225E65AE9007582B3 /* User.swift */; };
		8A75FC9C25E65B08007582B3 /* Product.swift in Sources */ = {isa = PBXBuildFile; fileRef = 8A75FC9B25E65B08007582B3 /* Product.swift */; };
		8A75FCA425E65BFE007582B3 /* ProductRecommender.swift in Sources */ = {isa = PBXBuildFile; fileRef = 8A75FCA325E65BFE007582B3 /* ProductRecommender.swift */; };
		8A75FCAC25E661F2007582B3 /* product_recommendation.feature in Resources */ = {isa = PBXBuildFile; fileRef = 8A75FCAB25E661F2007582B3 /* product_recommendation.feature */; };
		8A75FCB225E66414007582B3 /* ProductsRecommenderTests.swift in Sources */ = {isa = PBXBuildFile; fileRef = 8A75FCB125E66414007582B3 /* ProductsRecommenderTests.swift */; };
		8A75FCBA25E66B20007582B3 /* ProductRecommendationNativeTests.swift in Sources */ = {isa = PBXBuildFile; fileRef = 8A75FCB925E66B20007582B3 /* ProductRecommendationNativeTests.swift */; };
		9D48638644756DE8BD2183C6 /* Pods_GherkinTestsTests.framework in Frameworks */ = {isa = PBXBuildFile; fileRef = 431A21FB21C2F74213C3578D /* Pods_GherkinTestsTests.framework */; };
		C30231D6F822E85BF6058778 /* Pods_GherkinTests.framework in Frameworks */ = {isa = PBXBuildFile; fileRef = 44D8E67BB1EBE8F3B682CBF5 /* Pods_GherkinTests.framework */; };
		DF06E46FB17EBEF206DEEDA4 /* Pods_GherkinTests_GherkinTestsUITests.framework in Frameworks */ = {isa = PBXBuildFile; fileRef = 0B520ABFCB2347473C5A4CF6 /* Pods_GherkinTests_GherkinTestsUITests.framework */; };
/* End PBXBuildFile section */

/* Begin PBXContainerItemProxy section */
		8A75FB4325D20343007582B3 /* PBXContainerItemProxy */ = {
			isa = PBXContainerItemProxy;
			containerPortal = 8A75FB2425D20341007582B3 /* Project object */;
			proxyType = 1;
			remoteGlobalIDString = 8A75FB2B25D20341007582B3;
			remoteInfo = GherkinTests;
		};
		8A75FB4E25D20343007582B3 /* PBXContainerItemProxy */ = {
			isa = PBXContainerItemProxy;
			containerPortal = 8A75FB2425D20341007582B3 /* Project object */;
			proxyType = 1;
			remoteGlobalIDString = 8A75FB2B25D20341007582B3;
			remoteInfo = GherkinTests;
		};
/* End PBXContainerItemProxy section */

/* Begin PBXFileReference section */
		0B520ABFCB2347473C5A4CF6 /* Pods_GherkinTests_GherkinTestsUITests.framework */ = {isa = PBXFileReference; explicitFileType = wrapper.framework; includeInIndex = 0; path = Pods_GherkinTests_GherkinTestsUITests.framework; sourceTree = BUILT_PRODUCTS_DIR; };
		26202AD69E586122CB3DEC2D /* Pods-GherkinTestsTests.release.xcconfig */ = {isa = PBXFileReference; includeInIndex = 1; lastKnownFileType = text.xcconfig; name = "Pods-GherkinTestsTests.release.xcconfig"; path = "Target Support Files/Pods-GherkinTestsTests/Pods-GherkinTestsTests.release.xcconfig"; sourceTree = "<group>"; };
		34902524A69783F0B3F16720 /* Pods-GherkinTests.release.xcconfig */ = {isa = PBXFileReference; includeInIndex = 1; lastKnownFileType = text.xcconfig; name = "Pods-GherkinTests.release.xcconfig"; path = "Target Support Files/Pods-GherkinTests/Pods-GherkinTests.release.xcconfig"; sourceTree = "<group>"; };
		431A21FB21C2F74213C3578D /* Pods_GherkinTestsTests.framework */ = {isa = PBXFileReference; explicitFileType = wrapper.framework; includeInIndex = 0; path = Pods_GherkinTestsTests.framework; sourceTree = BUILT_PRODUCTS_DIR; };
		44D8E67BB1EBE8F3B682CBF5 /* Pods_GherkinTests.framework */ = {isa = PBXFileReference; explicitFileType = wrapper.framework; includeInIndex = 0; path = Pods_GherkinTests.framework; sourceTree = BUILT_PRODUCTS_DIR; };
		6EF67201E060E8B3F0834EAD /* Pods-GherkinTestsTests.debug.xcconfig */ = {isa = PBXFileReference; includeInIndex = 1; lastKnownFileType = text.xcconfig; name = "Pods-GherkinTestsTests.debug.xcconfig"; path = "Target Support Files/Pods-GherkinTestsTests/Pods-GherkinTestsTests.debug.xcconfig"; sourceTree = "<group>"; };
		826F0CFB28AA0E0B3E18241B /* Pods-GherkinTests.debug.xcconfig */ = {isa = PBXFileReference; includeInIndex = 1; lastKnownFileType = text.xcconfig; name = "Pods-GherkinTests.debug.xcconfig"; path = "Target Support Files/Pods-GherkinTests/Pods-GherkinTests.debug.xcconfig"; sourceTree = "<group>"; };
		8A75FB2C25D20341007582B3 /* GherkinTests.app */ = {isa = PBXFileReference; explicitFileType = wrapper.application; includeInIndex = 0; path = GherkinTests.app; sourceTree = BUILT_PRODUCTS_DIR; };
		8A75FB2F25D20341007582B3 /* AppDelegate.swift */ = {isa = PBXFileReference; lastKnownFileType = sourcecode.swift; path = AppDelegate.swift; sourceTree = "<group>"; };
		8A75FB3125D20341007582B3 /* SceneDelegate.swift */ = {isa = PBXFileReference; lastKnownFileType = sourcecode.swift; path = SceneDelegate.swift; sourceTree = "<group>"; };
		8A75FB3325D20341007582B3 /* ProductViewController.swift */ = {isa = PBXFileReference; lastKnownFileType = sourcecode.swift; path = ProductViewController.swift; sourceTree = "<group>"; };
		8A75FB3825D20343007582B3 /* Assets.xcassets */ = {isa = PBXFileReference; lastKnownFileType = folder.assetcatalog; path = Assets.xcassets; sourceTree = "<group>"; };
		8A75FB3B25D20343007582B3 /* Base */ = {isa = PBXFileReference; lastKnownFileType = file.storyboard; name = Base; path = Base.lproj/LaunchScreen.storyboard; sourceTree = "<group>"; };
		8A75FB3D25D20343007582B3 /* Info.plist */ = {isa = PBXFileReference; lastKnownFileType = text.plist.xml; path = Info.plist; sourceTree = "<group>"; };
		8A75FB4225D20343007582B3 /* GherkinTestsTests.xctest */ = {isa = PBXFileReference; explicitFileType = wrapper.cfbundle; includeInIndex = 0; path = GherkinTestsTests.xctest; sourceTree = BUILT_PRODUCTS_DIR; };
		8A75FB4825D20343007582B3 /* Info.plist */ = {isa = PBXFileReference; lastKnownFileType = text.plist.xml; path = Info.plist; sourceTree = "<group>"; };
		8A75FB4D25D20343007582B3 /* GherkinTestsUITests.xctest */ = {isa = PBXFileReference; explicitFileType = wrapper.cfbundle; includeInIndex = 0; path = GherkinTestsUITests.xctest; sourceTree = BUILT_PRODUCTS_DIR; };
		8A75FB5125D20343007582B3 /* GherkinTestsUITests.swift */ = {isa = PBXFileReference; lastKnownFileType = sourcecode.swift; path = GherkinTestsUITests.swift; sourceTree = "<group>"; };
		8A75FB5325D20343007582B3 /* Info.plist */ = {isa = PBXFileReference; lastKnownFileType = text.plist.xml; path = Info.plist; sourceTree = "<group>"; };
		8A75FC8325E64D07007582B3 /* ProductView.swift */ = {isa = PBXFileReference; lastKnownFileType = sourcecode.swift; path = ProductView.swift; sourceTree = "<group>"; };
		8A75FC9225E65AE9007582B3 /* User.swift */ = {isa = PBXFileReference; lastKnownFileType = sourcecode.swift; path = User.swift; sourceTree = "<group>"; };
		8A75FC9B25E65B08007582B3 /* Product.swift */ = {isa = PBXFileReference; lastKnownFileType = sourcecode.swift; path = Product.swift; sourceTree = "<group>"; };
		8A75FCA325E65BFE007582B3 /* ProductRecommender.swift */ = {isa = PBXFileReference; lastKnownFileType = sourcecode.swift; path = ProductRecommender.swift; sourceTree = "<group>"; };
		8A75FCAB25E661F2007582B3 /* product_recommendation.feature */ = {isa = PBXFileReference; lastKnownFileType = text; path = product_recommendation.feature; sourceTree = "<group>"; };
		8A75FCB125E66414007582B3 /* ProductsRecommenderTests.swift */ = {isa = PBXFileReference; lastKnownFileType = sourcecode.swift; path = ProductsRecommenderTests.swift; sourceTree = "<group>"; };
		8A75FCB925E66B20007582B3 /* ProductRecommendationNativeTests.swift */ = {isa = PBXFileReference; lastKnownFileType = sourcecode.swift; path = ProductRecommendationNativeTests.swift; sourceTree = "<group>"; };
		904FABFC7B6C85AD544EC278 /* Pods-GherkinTests-GherkinTestsUITests.release.xcconfig */ = {isa = PBXFileReference; includeInIndex = 1; lastKnownFileType = text.xcconfig; name = "Pods-GherkinTests-GherkinTestsUITests.release.xcconfig"; path = "Target Support Files/Pods-GherkinTests-GherkinTestsUITests/Pods-GherkinTests-GherkinTestsUITests.release.xcconfig"; sourceTree = "<group>"; };
		AB0081C1EBDD893411FA2197 /* Pods-GherkinTests-GherkinTestsUITests.debug.xcconfig */ = {isa = PBXFileReference; includeInIndex = 1; lastKnownFileType = text.xcconfig; name = "Pods-GherkinTests-GherkinTestsUITests.debug.xcconfig"; path = "Target Support Files/Pods-GherkinTests-GherkinTestsUITests/Pods-GherkinTests-GherkinTestsUITests.debug.xcconfig"; sourceTree = "<group>"; };
/* End PBXFileReference section */

/* Begin PBXFrameworksBuildPhase section */
		8A75FB2925D20341007582B3 /* Frameworks */ = {
			isa = PBXFrameworksBuildPhase;
			buildActionMask = 2147483647;
			files = (
				C30231D6F822E85BF6058778 /* Pods_GherkinTests.framework in Frameworks */,
			);
			runOnlyForDeploymentPostprocessing = 0;
		};
		8A75FB3F25D20343007582B3 /* Frameworks */ = {
			isa = PBXFrameworksBuildPhase;
			buildActionMask = 2147483647;
			files = (
				9D48638644756DE8BD2183C6 /* Pods_GherkinTestsTests.framework in Frameworks */,
			);
			runOnlyForDeploymentPostprocessing = 0;
		};
		8A75FB4A25D20343007582B3 /* Frameworks */ = {
			isa = PBXFrameworksBuildPhase;
			buildActionMask = 2147483647;
			files = (
				DF06E46FB17EBEF206DEEDA4 /* Pods_GherkinTests_GherkinTestsUITests.framework in Frameworks */,
			);
			runOnlyForDeploymentPostprocessing = 0;
		};
/* End PBXFrameworksBuildPhase section */

/* Begin PBXGroup section */
		636DFEE0F31914DC3E446968 /* Frameworks */ = {
			isa = PBXGroup;
			children = (
				44D8E67BB1EBE8F3B682CBF5 /* Pods_GherkinTests.framework */,
				0B520ABFCB2347473C5A4CF6 /* Pods_GherkinTests_GherkinTestsUITests.framework */,
				431A21FB21C2F74213C3578D /* Pods_GherkinTestsTests.framework */,
			);
			name = Frameworks;
			sourceTree = "<group>";
		};
		8A75FB2325D20341007582B3 = {
			isa = PBXGroup;
			children = (
				8A75FB2E25D20341007582B3 /* GherkinTests */,
				8A75FB4525D20343007582B3 /* GherkinTestsTests */,
				8A75FB5025D20343007582B3 /* GherkinTestsUITests */,
				8A75FB2D25D20341007582B3 /* Products */,
				8FF10FA3A350DCBC8C0294A4 /* Pods */,
				636DFEE0F31914DC3E446968 /* Frameworks */,
			);
			sourceTree = "<group>";
		};
		8A75FB2D25D20341007582B3 /* Products */ = {
			isa = PBXGroup;
			children = (
				8A75FB2C25D20341007582B3 /* GherkinTests.app */,
				8A75FB4225D20343007582B3 /* GherkinTestsTests.xctest */,
				8A75FB4D25D20343007582B3 /* GherkinTestsUITests.xctest */,
			);
			name = Products;
			sourceTree = "<group>";
		};
		8A75FB2E25D20341007582B3 /* GherkinTests */ = {
			isa = PBXGroup;
			children = (
				8A75FC9125E65ADF007582B3 /* User */,
				8A75FC8125E64CEE007582B3 /* Modules */,
				8A75FB2F25D20341007582B3 /* AppDelegate.swift */,
				8A75FB3125D20341007582B3 /* SceneDelegate.swift */,
				8A75FB3825D20343007582B3 /* Assets.xcassets */,
				8A75FB3A25D20343007582B3 /* LaunchScreen.storyboard */,
				8A75FB3D25D20343007582B3 /* Info.plist */,
			);
			path = GherkinTests;
			sourceTree = "<group>";
		};
		8A75FB4525D20343007582B3 /* GherkinTestsTests */ = {
			isa = PBXGroup;
			children = (
				8A75FCB025E663E9007582B3 /* Product */,
				8A75FB4825D20343007582B3 /* Info.plist */,
			);
			path = GherkinTestsTests;
			sourceTree = "<group>";
		};
		8A75FB5025D20343007582B3 /* GherkinTestsUITests */ = {
			isa = PBXGroup;
			children = (
				8A75FB5125D20343007582B3 /* GherkinTestsUITests.swift */,
				8A75FB5325D20343007582B3 /* Info.plist */,
			);
			path = GherkinTestsUITests;
			sourceTree = "<group>";
		};
		8A75FC8125E64CEE007582B3 /* Modules */ = {
			isa = PBXGroup;
			children = (
				8A75FC8225E64CF6007582B3 /* Product */,
			);
			path = Modules;
			sourceTree = "<group>";
		};
		8A75FC8225E64CF6007582B3 /* Product */ = {
			isa = PBXGroup;
			children = (
				8A75FB3325D20341007582B3 /* ProductViewController.swift */,
				8A75FC8325E64D07007582B3 /* ProductView.swift */,
				8A75FC9B25E65B08007582B3 /* Product.swift */,
				8A75FCA325E65BFE007582B3 /* ProductRecommender.swift */,
			);
			path = Product;
			sourceTree = "<group>";
		};
		8A75FC9125E65ADF007582B3 /* User */ = {
			isa = PBXGroup;
			children = (
				8A75FC9225E65AE9007582B3 /* User.swift */,
			);
			path = User;
			sourceTree = "<group>";
		};
		8A75FCB025E663E9007582B3 /* Product */ = {
			isa = PBXGroup;
			children = (
				8A75FCAB25E661F2007582B3 /* product_recommendation.feature */,
				8A75FCB125E66414007582B3 /* ProductsRecommenderTests.swift */,
				8A75FCB925E66B20007582B3 /* ProductRecommendationNativeTests.swift */,
			);
			path = Product;
			sourceTree = "<group>";
		};
		8FF10FA3A350DCBC8C0294A4 /* Pods */ = {
			isa = PBXGroup;
			children = (
				826F0CFB28AA0E0B3E18241B /* Pods-GherkinTests.debug.xcconfig */,
				34902524A69783F0B3F16720 /* Pods-GherkinTests.release.xcconfig */,
				AB0081C1EBDD893411FA2197 /* Pods-GherkinTests-GherkinTestsUITests.debug.xcconfig */,
				904FABFC7B6C85AD544EC278 /* Pods-GherkinTests-GherkinTestsUITests.release.xcconfig */,
				6EF67201E060E8B3F0834EAD /* Pods-GherkinTestsTests.debug.xcconfig */,
				26202AD69E586122CB3DEC2D /* Pods-GherkinTestsTests.release.xcconfig */,
			);
			path = Pods;
			sourceTree = "<group>";
		};
/* End PBXGroup section */

/* Begin PBXNativeTarget section */
		8A75FB2B25D20341007582B3 /* GherkinTests */ = {
			isa = PBXNativeTarget;
			buildConfigurationList = 8A75FB5625D20343007582B3 /* Build configuration list for PBXNativeTarget "GherkinTests" */;
			buildPhases = (
				0665A791265153E59EA85FCA /* [CP] Check Pods Manifest.lock */,
				8A75FB2825D20341007582B3 /* Sources */,
				8A75FB2925D20341007582B3 /* Frameworks */,
				8A75FB2A25D20341007582B3 /* Resources */,
				A82902ED9B661C1F4BDF7959 /* [CP] Embed Pods Frameworks */,
			);
			buildRules = (
			);
			dependencies = (
			);
			name = GherkinTests;
			productName = GherkinTests;
			productReference = 8A75FB2C25D20341007582B3 /* GherkinTests.app */;
			productType = "com.apple.product-type.application";
		};
		8A75FB4125D20343007582B3 /* GherkinTestsTests */ = {
			isa = PBXNativeTarget;
			buildConfigurationList = 8A75FB5925D20343007582B3 /* Build configuration list for PBXNativeTarget "GherkinTestsTests" */;
			buildPhases = (
				5D9E90E67460C03165ECBAE2 /* [CP] Check Pods Manifest.lock */,
				8A75FB3E25D20343007582B3 /* Sources */,
				8A75FB3F25D20343007582B3 /* Frameworks */,
				8A75FB4025D20343007582B3 /* Resources */,
			);
			buildRules = (
			);
			dependencies = (
				8A75FB4425D20343007582B3 /* PBXTargetDependency */,
			);
			name = GherkinTestsTests;
			productName = GherkinTestsTests;
			productReference = 8A75FB4225D20343007582B3 /* GherkinTestsTests.xctest */;
			productType = "com.apple.product-type.bundle.unit-test";
		};
		8A75FB4C25D20343007582B3 /* GherkinTestsUITests */ = {
			isa = PBXNativeTarget;
			buildConfigurationList = 8A75FB5C25D20343007582B3 /* Build configuration list for PBXNativeTarget "GherkinTestsUITests" */;
			buildPhases = (
				21A709A2036FC814E8466AC9 /* [CP] Check Pods Manifest.lock */,
				8A75FB4925D20343007582B3 /* Sources */,
				8A75FB4A25D20343007582B3 /* Frameworks */,
				8A75FB4B25D20343007582B3 /* Resources */,
				F985E86B2014897A4296B109 /* [CP] Embed Pods Frameworks */,
			);
			buildRules = (
			);
			dependencies = (
				8A75FB4F25D20343007582B3 /* PBXTargetDependency */,
			);
			name = GherkinTestsUITests;
			productName = GherkinTestsUITests;
			productReference = 8A75FB4D25D20343007582B3 /* GherkinTestsUITests.xctest */;
			productType = "com.apple.product-type.bundle.ui-testing";
		};
/* End PBXNativeTarget section */

/* Begin PBXProject section */
		8A75FB2425D20341007582B3 /* Project object */ = {
			isa = PBXProject;
			attributes = {
				LastSwiftUpdateCheck = 1240;
				LastUpgradeCheck = 1240;
				TargetAttributes = {
					8A75FB2B25D20341007582B3 = {
						CreatedOnToolsVersion = 12.4;
					};
					8A75FB4125D20343007582B3 = {
						CreatedOnToolsVersion = 12.4;
						TestTargetID = 8A75FB2B25D20341007582B3;
					};
					8A75FB4C25D20343007582B3 = {
						CreatedOnToolsVersion = 12.4;
						TestTargetID = 8A75FB2B25D20341007582B3;
					};
				};
			};
			buildConfigurationList = 8A75FB2725D20341007582B3 /* Build configuration list for PBXProject "GherkinTests" */;
			compatibilityVersion = "Xcode 9.3";
			developmentRegion = en;
			hasScannedForEncodings = 0;
			knownRegions = (
				en,
				Base,
			);
			mainGroup = 8A75FB2325D20341007582B3;
			productRefGroup = 8A75FB2D25D20341007582B3 /* Products */;
			projectDirPath = "";
			projectRoot = "";
			targets = (
				8A75FB2B25D20341007582B3 /* GherkinTests */,
				8A75FB4125D20343007582B3 /* GherkinTestsTests */,
				8A75FB4C25D20343007582B3 /* GherkinTestsUITests */,
			);
		};
/* End PBXProject section */

/* Begin PBXResourcesBuildPhase section */
		8A75FB2A25D20341007582B3 /* Resources */ = {
			isa = PBXResourcesBuildPhase;
			buildActionMask = 2147483647;
			files = (
				8A75FB3C25D20343007582B3 /* LaunchScreen.storyboard in Resources */,
				8A75FB3925D20343007582B3 /* Assets.xcassets in Resources */,
			);
			runOnlyForDeploymentPostprocessing = 0;
		};
		8A75FB4025D20343007582B3 /* Resources */ = {
			isa = PBXResourcesBuildPhase;
			buildActionMask = 2147483647;
			files = (
				8A75FCAC25E661F2007582B3 /* product_recommendation.feature in Resources */,
			);
			runOnlyForDeploymentPostprocessing = 0;
		};
		8A75FB4B25D20343007582B3 /* Resources */ = {
			isa = PBXResourcesBuildPhase;
			buildActionMask = 2147483647;
			files = (
			);
			runOnlyForDeploymentPostprocessing = 0;
		};
/* End PBXResourcesBuildPhase section */

/* Begin PBXShellScriptBuildPhase section */
		0665A791265153E59EA85FCA /* [CP] Check Pods Manifest.lock */ = {
			isa = PBXShellScriptBuildPhase;
			buildActionMask = 2147483647;
			files = (
			);
			inputFileListPaths = (
			);
			inputPaths = (
				"${PODS_PODFILE_DIR_PATH}/Podfile.lock",
				"${PODS_ROOT}/Manifest.lock",
			);
			name = "[CP] Check Pods Manifest.lock";
			outputFileListPaths = (
			);
			outputPaths = (
				"$(DERIVED_FILE_DIR)/Pods-GherkinTests-checkManifestLockResult.txt",
			);
			runOnlyForDeploymentPostprocessing = 0;
			shellPath = /bin/sh;
			shellScript = "diff \"${PODS_PODFILE_DIR_PATH}/Podfile.lock\" \"${PODS_ROOT}/Manifest.lock\" > /dev/null\nif [ $? != 0 ] ; then\n    # print error to STDERR\n    echo \"error: The sandbox is not in sync with the Podfile.lock. Run 'pod install' or update your CocoaPods installation.\" >&2\n    exit 1\nfi\n# This output is used by Xcode 'outputs' to avoid re-running this script phase.\necho \"SUCCESS\" > \"${SCRIPT_OUTPUT_FILE_0}\"\n";
			showEnvVarsInLog = 0;
		};
		21A709A2036FC814E8466AC9 /* [CP] Check Pods Manifest.lock */ = {
			isa = PBXShellScriptBuildPhase;
			buildActionMask = 2147483647;
			files = (
			);
			inputFileListPaths = (
			);
			inputPaths = (
				"${PODS_PODFILE_DIR_PATH}/Podfile.lock",
				"${PODS_ROOT}/Manifest.lock",
			);
			name = "[CP] Check Pods Manifest.lock";
			outputFileListPaths = (
			);
			outputPaths = (
				"$(DERIVED_FILE_DIR)/Pods-GherkinTests-GherkinTestsUITests-checkManifestLockResult.txt",
			);
			runOnlyForDeploymentPostprocessing = 0;
			shellPath = /bin/sh;
			shellScript = "diff \"${PODS_PODFILE_DIR_PATH}/Podfile.lock\" \"${PODS_ROOT}/Manifest.lock\" > /dev/null\nif [ $? != 0 ] ; then\n    # print error to STDERR\n    echo \"error: The sandbox is not in sync with the Podfile.lock. Run 'pod install' or update your CocoaPods installation.\" >&2\n    exit 1\nfi\n# This output is used by Xcode 'outputs' to avoid re-running this script phase.\necho \"SUCCESS\" > \"${SCRIPT_OUTPUT_FILE_0}\"\n";
			showEnvVarsInLog = 0;
		};
		5D9E90E67460C03165ECBAE2 /* [CP] Check Pods Manifest.lock */ = {
			isa = PBXShellScriptBuildPhase;
			buildActionMask = 2147483647;
			files = (
			);
			inputFileListPaths = (
			);
			inputPaths = (
				"${PODS_PODFILE_DIR_PATH}/Podfile.lock",
				"${PODS_ROOT}/Manifest.lock",
			);
			name = "[CP] Check Pods Manifest.lock";
			outputFileListPaths = (
			);
			outputPaths = (
				"$(DERIVED_FILE_DIR)/Pods-GherkinTestsTests-checkManifestLockResult.txt",
			);
			runOnlyForDeploymentPostprocessing = 0;
			shellPath = /bin/sh;
			shellScript = "diff \"${PODS_PODFILE_DIR_PATH}/Podfile.lock\" \"${PODS_ROOT}/Manifest.lock\" > /dev/null\nif [ $? != 0 ] ; then\n    # print error to STDERR\n    echo \"error: The sandbox is not in sync with the Podfile.lock. Run 'pod install' or update your CocoaPods installation.\" >&2\n    exit 1\nfi\n# This output is used by Xcode 'outputs' to avoid re-running this script phase.\necho \"SUCCESS\" > \"${SCRIPT_OUTPUT_FILE_0}\"\n";
			showEnvVarsInLog = 0;
		};
		A82902ED9B661C1F4BDF7959 /* [CP] Embed Pods Frameworks */ = {
			isa = PBXShellScriptBuildPhase;
			buildActionMask = 2147483647;
			files = (
			);
			inputFileListPaths = (
				"${PODS_ROOT}/Target Support Files/Pods-GherkinTests/Pods-GherkinTests-frameworks-${CONFIGURATION}-input-files.xcfilelist",
			);
			name = "[CP] Embed Pods Frameworks";
			outputFileListPaths = (
				"${PODS_ROOT}/Target Support Files/Pods-GherkinTests/Pods-GherkinTests-frameworks-${CONFIGURATION}-output-files.xcfilelist",
			);
			runOnlyForDeploymentPostprocessing = 0;
			shellPath = /bin/sh;
			shellScript = "\"${PODS_ROOT}/Target Support Files/Pods-GherkinTests/Pods-GherkinTests-frameworks.sh\"\n";
			showEnvVarsInLog = 0;
		};
		F985E86B2014897A4296B109 /* [CP] Embed Pods Frameworks */ = {
			isa = PBXShellScriptBuildPhase;
			buildActionMask = 2147483647;
			files = (
			);
			inputFileListPaths = (
				"${PODS_ROOT}/Target Support Files/Pods-GherkinTests-GherkinTestsUITests/Pods-GherkinTests-GherkinTestsUITests-frameworks-${CONFIGURATION}-input-files.xcfilelist",
			);
			name = "[CP] Embed Pods Frameworks";
			outputFileListPaths = (
				"${PODS_ROOT}/Target Support Files/Pods-GherkinTests-GherkinTestsUITests/Pods-GherkinTests-GherkinTestsUITests-frameworks-${CONFIGURATION}-output-files.xcfilelist",
			);
			runOnlyForDeploymentPostprocessing = 0;
			shellPath = /bin/sh;
			shellScript = "\"${PODS_ROOT}/Target Support Files/Pods-GherkinTests-GherkinTestsUITests/Pods-GherkinTests-GherkinTestsUITests-frameworks.sh\"\n";
			showEnvVarsInLog = 0;
		};
/* End PBXShellScriptBuildPhase section */

/* Begin PBXSourcesBuildPhase section */
		8A75FB2825D20341007582B3 /* Sources */ = {
			isa = PBXSourcesBuildPhase;
			buildActionMask = 2147483647;
			files = (
				8A75FC8425E64D07007582B3 /* ProductView.swift in Sources */,
				8A75FB3425D20341007582B3 /* ProductViewController.swift in Sources */,
				8A75FCA425E65BFE007582B3 /* ProductRecommender.swift in Sources */,
				8A75FB3025D20341007582B3 /* AppDelegate.swift in Sources */,
				8A75FC9325E65AE9007582B3 /* User.swift in Sources */,
				8A75FB3225D20341007582B3 /* SceneDelegate.swift in Sources */,
				8A75FC9C25E65B08007582B3 /* Product.swift in Sources */,
			);
			runOnlyForDeploymentPostprocessing = 0;
		};
		8A75FB3E25D20343007582B3 /* Sources */ = {
			isa = PBXSourcesBuildPhase;
			buildActionMask = 2147483647;
			files = (
				8A75FCBA25E66B20007582B3 /* ProductRecommendationNativeTests.swift in Sources */,
				8A75FCB225E66414007582B3 /* ProductsRecommenderTests.swift in Sources */,
			);
			runOnlyForDeploymentPostprocessing = 0;
		};
		8A75FB4925D20343007582B3 /* Sources */ = {
			isa = PBXSourcesBuildPhase;
			buildActionMask = 2147483647;
			files = (
				8A75FB5225D20343007582B3 /* GherkinTestsUITests.swift in Sources */,
			);
			runOnlyForDeploymentPostprocessing = 0;
		};
/* End PBXSourcesBuildPhase section */

/* Begin PBXTargetDependency section */
		8A75FB4425D20343007582B3 /* PBXTargetDependency */ = {
			isa = PBXTargetDependency;
			target = 8A75FB2B25D20341007582B3 /* GherkinTests */;
			targetProxy = 8A75FB4325D20343007582B3 /* PBXContainerItemProxy */;
		};
		8A75FB4F25D20343007582B3 /* PBXTargetDependency */ = {
			isa = PBXTargetDependency;
			target = 8A75FB2B25D20341007582B3 /* GherkinTests */;
			targetProxy = 8A75FB4E25D20343007582B3 /* PBXContainerItemProxy */;
		};
/* End PBXTargetDependency section */

/* Begin PBXVariantGroup section */
		8A75FB3A25D20343007582B3 /* LaunchScreen.storyboard */ = {
			isa = PBXVariantGroup;
			children = (
				8A75FB3B25D20343007582B3 /* Base */,
			);
			name = LaunchScreen.storyboard;
			sourceTree = "<group>";
		};
/* End PBXVariantGroup section */

/* Begin XCBuildConfiguration section */
		8A75FB5425D20343007582B3 /* Debug */ = {
			isa = XCBuildConfiguration;
			buildSettings = {
				ALWAYS_SEARCH_USER_PATHS = NO;
				CLANG_ANALYZER_NONNULL = YES;
				CLANG_ANALYZER_NUMBER_OBJECT_CONVERSION = YES_AGGRESSIVE;
				CLANG_CXX_LANGUAGE_STANDARD = "gnu++14";
				CLANG_CXX_LIBRARY = "libc++";
				CLANG_ENABLE_MODULES = YES;
				CLANG_ENABLE_OBJC_ARC = YES;
				CLANG_ENABLE_OBJC_WEAK = YES;
				CLANG_WARN_BLOCK_CAPTURE_AUTORELEASING = YES;
				CLANG_WARN_BOOL_CONVERSION = YES;
				CLANG_WARN_COMMA = YES;
				CLANG_WARN_CONSTANT_CONVERSION = YES;
				CLANG_WARN_DEPRECATED_OBJC_IMPLEMENTATIONS = YES;
				CLANG_WARN_DIRECT_OBJC_ISA_USAGE = YES_ERROR;
				CLANG_WARN_DOCUMENTATION_COMMENTS = YES;
				CLANG_WARN_EMPTY_BODY = YES;
				CLANG_WARN_ENUM_CONVERSION = YES;
				CLANG_WARN_INFINITE_RECURSION = YES;
				CLANG_WARN_INT_CONVERSION = YES;
				CLANG_WARN_NON_LITERAL_NULL_CONVERSION = YES;
				CLANG_WARN_OBJC_IMPLICIT_RETAIN_SELF = YES;
				CLANG_WARN_OBJC_LITERAL_CONVERSION = YES;
				CLANG_WARN_OBJC_ROOT_CLASS = YES_ERROR;
				CLANG_WARN_QUOTED_INCLUDE_IN_FRAMEWORK_HEADER = YES;
				CLANG_WARN_RANGE_LOOP_ANALYSIS = YES;
				CLANG_WARN_STRICT_PROTOTYPES = YES;
				CLANG_WARN_SUSPICIOUS_MOVE = YES;
				CLANG_WARN_UNGUARDED_AVAILABILITY = YES_AGGRESSIVE;
				CLANG_WARN_UNREACHABLE_CODE = YES;
				CLANG_WARN__DUPLICATE_METHOD_MATCH = YES;
				COPY_PHASE_STRIP = NO;
				DEBUG_INFORMATION_FORMAT = dwarf;
				ENABLE_STRICT_OBJC_MSGSEND = YES;
				ENABLE_TESTABILITY = YES;
				GCC_C_LANGUAGE_STANDARD = gnu11;
				GCC_DYNAMIC_NO_PIC = NO;
				GCC_NO_COMMON_BLOCKS = YES;
				GCC_OPTIMIZATION_LEVEL = 0;
				GCC_PREPROCESSOR_DEFINITIONS = (
					"DEBUG=1",
					"$(inherited)",
				);
				GCC_WARN_64_TO_32_BIT_CONVERSION = YES;
				GCC_WARN_ABOUT_RETURN_TYPE = YES_ERROR;
				GCC_WARN_UNDECLARED_SELECTOR = YES;
				GCC_WARN_UNINITIALIZED_AUTOS = YES_AGGRESSIVE;
				GCC_WARN_UNUSED_FUNCTION = YES;
				GCC_WARN_UNUSED_VARIABLE = YES;
				IPHONEOS_DEPLOYMENT_TARGET = 14.4;
				MTL_ENABLE_DEBUG_INFO = INCLUDE_SOURCE;
				MTL_FAST_MATH = YES;
				ONLY_ACTIVE_ARCH = YES;
				SDKROOT = iphoneos;
				SWIFT_ACTIVE_COMPILATION_CONDITIONS = DEBUG;
				SWIFT_OPTIMIZATION_LEVEL = "-Onone";
			};
			name = Debug;
		};
		8A75FB5525D20343007582B3 /* Release */ = {
			isa = XCBuildConfiguration;
			buildSettings = {
				ALWAYS_SEARCH_USER_PATHS = NO;
				CLANG_ANALYZER_NONNULL = YES;
				CLANG_ANALYZER_NUMBER_OBJECT_CONVERSION = YES_AGGRESSIVE;
				CLANG_CXX_LANGUAGE_STANDARD = "gnu++14";
				CLANG_CXX_LIBRARY = "libc++";
				CLANG_ENABLE_MODULES = YES;
				CLANG_ENABLE_OBJC_ARC = YES;
				CLANG_ENABLE_OBJC_WEAK = YES;
				CLANG_WARN_BLOCK_CAPTURE_AUTORELEASING = YES;
				CLANG_WARN_BOOL_CONVERSION = YES;
				CLANG_WARN_COMMA = YES;
				CLANG_WARN_CONSTANT_CONVERSION = YES;
				CLANG_WARN_DEPRECATED_OBJC_IMPLEMENTATIONS = YES;
				CLANG_WARN_DIRECT_OBJC_ISA_USAGE = YES_ERROR;
				CLANG_WARN_DOCUMENTATION_COMMENTS = YES;
				CLANG_WARN_EMPTY_BODY = YES;
				CLANG_WARN_ENUM_CONVERSION = YES;
				CLANG_WARN_INFINITE_RECURSION = YES;
				CLANG_WARN_INT_CONVERSION = YES;
				CLANG_WARN_NON_LITERAL_NULL_CONVERSION = YES;
				CLANG_WARN_OBJC_IMPLICIT_RETAIN_SELF = YES;
				CLANG_WARN_OBJC_LITERAL_CONVERSION = YES;
				CLANG_WARN_OBJC_ROOT_CLASS = YES_ERROR;
				CLANG_WARN_QUOTED_INCLUDE_IN_FRAMEWORK_HEADER = YES;
				CLANG_WARN_RANGE_LOOP_ANALYSIS = YES;
				CLANG_WARN_STRICT_PROTOTYPES = YES;
				CLANG_WARN_SUSPICIOUS_MOVE = YES;
				CLANG_WARN_UNGUARDED_AVAILABILITY = YES_AGGRESSIVE;
				CLANG_WARN_UNREACHABLE_CODE = YES;
				CLANG_WARN__DUPLICATE_METHOD_MATCH = YES;
				COPY_PHASE_STRIP = NO;
				DEBUG_INFORMATION_FORMAT = "dwarf-with-dsym";
				ENABLE_NS_ASSERTIONS = NO;
				ENABLE_STRICT_OBJC_MSGSEND = YES;
				GCC_C_LANGUAGE_STANDARD = gnu11;
				GCC_NO_COMMON_BLOCKS = YES;
				GCC_WARN_64_TO_32_BIT_CONVERSION = YES;
				GCC_WARN_ABOUT_RETURN_TYPE = YES_ERROR;
				GCC_WARN_UNDECLARED_SELECTOR = YES;
				GCC_WARN_UNINITIALIZED_AUTOS = YES_AGGRESSIVE;
				GCC_WARN_UNUSED_FUNCTION = YES;
				GCC_WARN_UNUSED_VARIABLE = YES;
				IPHONEOS_DEPLOYMENT_TARGET = 14.4;
				MTL_ENABLE_DEBUG_INFO = NO;
				MTL_FAST_MATH = YES;
				SDKROOT = iphoneos;
				SWIFT_COMPILATION_MODE = wholemodule;
				SWIFT_OPTIMIZATION_LEVEL = "-O";
				VALIDATE_PRODUCT = YES;
			};
			name = Release;
		};
		8A75FB5725D20343007582B3 /* Debug */ = {
			isa = XCBuildConfiguration;
			baseConfigurationReference = 826F0CFB28AA0E0B3E18241B /* Pods-GherkinTests.debug.xcconfig */;
			buildSettings = {
				ASSETCATALOG_COMPILER_APPICON_NAME = AppIcon;
				ASSETCATALOG_COMPILER_GLOBAL_ACCENT_COLOR_NAME = AccentColor;
				CODE_SIGN_STYLE = Automatic;
				DEVELOPMENT_TEAM = 3L3PA22CNL;
				INFOPLIST_FILE = GherkinTests/Info.plist;
				LD_RUNPATH_SEARCH_PATHS = (
					"$(inherited)",
					"@executable_path/Frameworks",
				);
				PRODUCT_BUNDLE_IDENTIFIER = com.inFullMobile.GherkinTests;
				PRODUCT_NAME = "$(TARGET_NAME)";
				SWIFT_VERSION = 5.0;
				TARGETED_DEVICE_FAMILY = "1,2";
			};
			name = Debug;
		};
		8A75FB5825D20343007582B3 /* Release */ = {
			isa = XCBuildConfiguration;
			baseConfigurationReference = 34902524A69783F0B3F16720 /* Pods-GherkinTests.release.xcconfig */;
			buildSettings = {
				ASSETCATALOG_COMPILER_APPICON_NAME = AppIcon;
				ASSETCATALOG_COMPILER_GLOBAL_ACCENT_COLOR_NAME = AccentColor;
				CODE_SIGN_STYLE = Automatic;
				DEVELOPMENT_TEAM = 3L3PA22CNL;
				INFOPLIST_FILE = GherkinTests/Info.plist;
				LD_RUNPATH_SEARCH_PATHS = (
					"$(inherited)",
					"@executable_path/Frameworks",
				);
				PRODUCT_BUNDLE_IDENTIFIER = com.inFullMobile.GherkinTests;
				PRODUCT_NAME = "$(TARGET_NAME)";
				SWIFT_VERSION = 5.0;
				TARGETED_DEVICE_FAMILY = "1,2";
			};
			name = Release;
		};
		8A75FB5A25D20343007582B3 /* Debug */ = {
			isa = XCBuildConfiguration;
			baseConfigurationReference = 6EF67201E060E8B3F0834EAD /* Pods-GherkinTestsTests.debug.xcconfig */;
			buildSettings = {
				ALWAYS_EMBED_SWIFT_STANDARD_LIBRARIES = YES;
				BUNDLE_LOADER = "$(TEST_HOST)";
				CODE_SIGN_STYLE = Automatic;
				DEVELOPMENT_TEAM = 3L3PA22CNL;
				INFOPLIST_FILE = GherkinTestsTests/Info.plist;
				IPHONEOS_DEPLOYMENT_TARGET = 14.4;
				LD_RUNPATH_SEARCH_PATHS = (
					"$(inherited)",
					"@executable_path/Frameworks",
					"@loader_path/Frameworks",
				);
				PRODUCT_BUNDLE_IDENTIFIER = com.inFullMobile.GherkinTestsTests;
				PRODUCT_NAME = "$(TARGET_NAME)";
				SWIFT_VERSION = 5.0;
				TARGETED_DEVICE_FAMILY = "1,2";
				TEST_HOST = "$(BUILT_PRODUCTS_DIR)/GherkinTests.app/GherkinTests";
			};
			name = Debug;
		};
		8A75FB5B25D20343007582B3 /* Release */ = {
			isa = XCBuildConfiguration;
			baseConfigurationReference = 26202AD69E586122CB3DEC2D /* Pods-GherkinTestsTests.release.xcconfig */;
			buildSettings = {
				ALWAYS_EMBED_SWIFT_STANDARD_LIBRARIES = YES;
				BUNDLE_LOADER = "$(TEST_HOST)";
				CODE_SIGN_STYLE = Automatic;
				DEVELOPMENT_TEAM = 3L3PA22CNL;
				INFOPLIST_FILE = GherkinTestsTests/Info.plist;
				IPHONEOS_DEPLOYMENT_TARGET = 14.4;
				LD_RUNPATH_SEARCH_PATHS = (
					"$(inherited)",
					"@executable_path/Frameworks",
					"@loader_path/Frameworks",
				);
				PRODUCT_BUNDLE_IDENTIFIER = com.inFullMobile.GherkinTestsTests;
				PRODUCT_NAME = "$(TARGET_NAME)";
				SWIFT_VERSION = 5.0;
				TARGETED_DEVICE_FAMILY = "1,2";
				TEST_HOST = "$(BUILT_PRODUCTS_DIR)/GherkinTests.app/GherkinTests";
			};
			name = Release;
		};
		8A75FB5D25D20343007582B3 /* Debug */ = {
			isa = XCBuildConfiguration;
			baseConfigurationReference = AB0081C1EBDD893411FA2197 /* Pods-GherkinTests-GherkinTestsUITests.debug.xcconfig */;
			buildSettings = {
				ALWAYS_EMBED_SWIFT_STANDARD_LIBRARIES = YES;
				CODE_SIGN_STYLE = Automatic;
				DEVELOPMENT_TEAM = 3L3PA22CNL;
				INFOPLIST_FILE = GherkinTestsUITests/Info.plist;
				LD_RUNPATH_SEARCH_PATHS = (
					"$(inherited)",
					"@executable_path/Frameworks",
					"@loader_path/Frameworks",
				);
				PRODUCT_BUNDLE_IDENTIFIER = com.inFullMobile.GherkinTestsUITests;
				PRODUCT_NAME = "$(TARGET_NAME)";
				SWIFT_VERSION = 5.0;
				TARGETED_DEVICE_FAMILY = "1,2";
				TEST_TARGET_NAME = GherkinTests;
			};
			name = Debug;
		};
		8A75FB5E25D20343007582B3 /* Release */ = {
			isa = XCBuildConfiguration;
			baseConfigurationReference = 904FABFC7B6C85AD544EC278 /* Pods-GherkinTests-GherkinTestsUITests.release.xcconfig */;
			buildSettings = {
				ALWAYS_EMBED_SWIFT_STANDARD_LIBRARIES = YES;
				CODE_SIGN_STYLE = Automatic;
				DEVELOPMENT_TEAM = 3L3PA22CNL;
				INFOPLIST_FILE = GherkinTestsUITests/Info.plist;
				LD_RUNPATH_SEARCH_PATHS = (
					"$(inherited)",
					"@executable_path/Frameworks",
					"@loader_path/Frameworks",
				);
				PRODUCT_BUNDLE_IDENTIFIER = com.inFullMobile.GherkinTestsUITests;
				PRODUCT_NAME = "$(TARGET_NAME)";
				SWIFT_VERSION = 5.0;
				TARGETED_DEVICE_FAMILY = "1,2";
				TEST_TARGET_NAME = GherkinTests;
			};
			name = Release;
		};
/* End XCBuildConfiguration section */

/* Begin XCConfigurationList section */
		8A75FB2725D20341007582B3 /* Build configuration list for PBXProject "GherkinTests" */ = {
			isa = XCConfigurationList;
			buildConfigurations = (
				8A75FB5425D20343007582B3 /* Debug */,
				8A75FB5525D20343007582B3 /* Release */,
			);
			defaultConfigurationIsVisible = 0;
			defaultConfigurationName = Release;
		};
		8A75FB5625D20343007582B3 /* Build configuration list for PBXNativeTarget "GherkinTests" */ = {
			isa = XCConfigurationList;
			buildConfigurations = (
				8A75FB5725D20343007582B3 /* Debug */,
				8A75FB5825D20343007582B3 /* Release */,
			);
			defaultConfigurationIsVisible = 0;
			defaultConfigurationName = Release;
		};
		8A75FB5925D20343007582B3 /* Build configuration list for PBXNativeTarget "GherkinTestsTests" */ = {
			isa = XCConfigurationList;
			buildConfigurations = (
				8A75FB5A25D20343007582B3 /* Debug */,
				8A75FB5B25D20343007582B3 /* Release */,
			);
			defaultConfigurationIsVisible = 0;
			defaultConfigurationName = Release;
		};
		8A75FB5C25D20343007582B3 /* Build configuration list for PBXNativeTarget "GherkinTestsUITests" */ = {
			isa = XCConfigurationList;
			buildConfigurations = (
				8A75FB5D25D20343007582B3 /* Debug */,
				8A75FB5E25D20343007582B3 /* Release */,
			);
			defaultConfigurationIsVisible = 0;
			defaultConfigurationName = Release;
		};
/* End XCConfigurationList section */
	};
	rootObject = 8A75FB2425D20341007582B3 /* Project object */;
}
