PODS:
  - XCTest-Gherkin (0.21.0):
    - XCTest-Gherkin/Core (= 0.21.0)
  - XCTest-Gherkin/Core (0.21.0)
  - XCTest-Gherkin/Native (0.21.0):
    - XCTest-Gherkin/Core

DEPENDENCIES:
  - XCTest-Gherkin
  - XCTest-Gherkin/Native

SPEC REPOS:
  trunk:
    - XCTest-Gherkin

SPEC CHECKSUMS:
  XCTest-Gherkin: d3ed03702ca91eb4370851df8d2a0cb93b61a30f

PODFILE CHECKSUM: 9cbde70d52046a984257b5aae2a8737760848578

COCOAPODS: 1.9.3
